
Microsoft Visual Studio Solution File, Format Version 12.00
# Visual Studio Version 16
VisualStudioVersion = 16.0.30717.126
MinimumVisualStudioVersion = 10.0.40219.1
Project("{FAE04EC0-301F-11D3-BF4B-00C04F79EFBC}") = "XMLOchKlasser", "XMLOchKlasser\XMLOchKlasser.csproj", "{856E46DF-08B6-469E-98CF-475D780BF09D}"
EndProject
Global
	GlobalSection(SolutionConfigurationPlatforms) = preSolution
		Debug|Any CPU = Debug|Any CPU
		Release|Any CPU = Release|Any CPU
	EndGlobalSection
	GlobalSection(ProjectConfigurationPlatforms) = postSolution
		{856E46DF-08B6-469E-98CF-475D780BF09D}.Debug|Any CPU.ActiveCfg = Debug|Any CPU
		{856E46DF-08B6-469E-98CF-475D780BF09D}.Debug|Any CPU.Build.0 = Debug|Any CPU
		{856E46DF-08B6-469E-98CF-475D780BF09D}.Release|Any CPU.ActiveCfg = Release|Any CPU
		{856E46DF-08B6-469E-98CF-475D780BF09D}.Release|Any CPU.Build.0 = Release|Any CPU
	EndGlobalSection
	GlobalSection(SolutionProperties) = preSolution
		HideSolutionNode = FALSE
	EndGlobalSection
	GlobalSection(ExtensibilityGlobals) = postSolution
		SolutionGuid = {07D630E1-AB5A-4CF4-845D-CB48584A00A3}
	EndGlobalSection
EndGlobal
